
Microsoft Visual Studio Solution File, Format Version 12.00
# Visual Studio Version 17
VisualStudioVersion = 17.6.33829.357
MinimumVisualStudioVersion = 10.0.40219.1
Project("{9A19103F-16F7-4668-BE54-9A1E7A4F7556}") = "BlazorServerAppWithIdentity", "BlazorServerAppWithIdentity\BlazorServerAppWithIdentity.csproj", "{78F1C188-AB7A-435B-B31E-BBE9D9746694}"
EndProject
Project("{9A19103F-16F7-4668-BE54-9A1E7A4F7556}") = "BlazorServerAppWithIdentity.Api", "BlazorServerAppWithIdentity.Api\BlazorServerAppWithIdentity.Api.csproj", "{87631AA9-59D0-4D28-BAAB-7F78AD72E696}"
EndProject
Project("{9A19103F-16F7-4668-BE54-9A1E7A4F7556}") = "BlazorServerAppWithIdentity.Models", "BlazorServerAppWithIdentity.Models\BlazorServerAppWithIdentity.Models.csproj", "{E10B3324-7FF5-43EE-A994-FD397A24539B}"
EndProject
Project("{2150E333-8FDC-42A3-9474-1A3956D46DE8}") = "Solution Items", "Solution Items", "{3AFE3800-F4E9-4821-86DE-82E92F2FE27F}"
	ProjectSection(SolutionItems) = preProject
		.editorconfig = .editorconfig
	EndProjectSection
EndProject
Project("{E53339B2-1760-4266-BCC7-CA923CBCF16C}") = "docker-compose", "docker-compose.dcproj", "{A35B5AD7-2BFF-4201-B71B-9C396BFB3EAC}"
EndProject
Global
	GlobalSection(SolutionConfigurationPlatforms) = preSolution
		Debug|Any CPU = Debug|Any CPU
		Release|Any CPU = Release|Any CPU
	EndGlobalSection
	GlobalSection(ProjectConfigurationPlatforms) = postSolution
		{78F1C188-AB7A-435B-B31E-BBE9D9746694}.Debug|Any CPU.ActiveCfg = Debug|Any CPU
		{78F1C188-AB7A-435B-B31E-BBE9D9746694}.Debug|Any CPU.Build.0 = Debug|Any CPU
		{78F1C188-AB7A-435B-B31E-BBE9D9746694}.Release|Any CPU.ActiveCfg = Release|Any CPU
		{78F1C188-AB7A-435B-B31E-BBE9D9746694}.Release|Any CPU.Build.0 = Release|Any CPU
		{87631AA9-59D0-4D28-BAAB-7F78AD72E696}.Debug|Any CPU.ActiveCfg = Debug|Any CPU
		{87631AA9-59D0-4D28-BAAB-7F78AD72E696}.Debug|Any CPU.Build.0 = Debug|Any CPU
		{87631AA9-59D0-4D28-BAAB-7F78AD72E696}.Release|Any CPU.ActiveCfg = Release|Any CPU
		{87631AA9-59D0-4D28-BAAB-7F78AD72E696}.Release|Any CPU.Build.0 = Release|Any CPU
		{E10B3324-7FF5-43EE-A994-FD397A24539B}.Debug|Any CPU.ActiveCfg = Debug|Any CPU
		{E10B3324-7FF5-43EE-A994-FD397A24539B}.Debug|Any CPU.Build.0 = Debug|Any CPU
		{E10B3324-7FF5-43EE-A994-FD397A24539B}.Release|Any CPU.ActiveCfg = Release|Any CPU
		{E10B3324-7FF5-43EE-A994-FD397A24539B}.Release|Any CPU.Build.0 = Release|Any CPU
		{A35B5AD7-2BFF-4201-B71B-9C396BFB3EAC}.Debug|Any CPU.ActiveCfg = Debug|Any CPU
		{A35B5AD7-2BFF-4201-B71B-9C396BFB3EAC}.Debug|Any CPU.Build.0 = Debug|Any CPU
		{A35B5AD7-2BFF-4201-B71B-9C396BFB3EAC}.Release|Any CPU.ActiveCfg = Release|Any CPU
		{A35B5AD7-2BFF-4201-B71B-9C396BFB3EAC}.Release|Any CPU.Build.0 = Release|Any CPU
	EndGlobalSection
	GlobalSection(SolutionProperties) = preSolution
		HideSolutionNode = FALSE
	EndGlobalSection
	GlobalSection(ExtensibilityGlobals) = postSolution
		SolutionGuid = {638E2925-2942-4E71-AD12-2DD81FEF1A79}
	EndGlobalSection
EndGlobal
